
Microsoft Visual Studio Solution File, Format Version 12.00
# Visual Studio Version 17
VisualStudioVersion = 17.7.34031.279
MinimumVisualStudioVersion = 10.0.40219.1
Project("{FAE04EC0-301F-11D3-BF4B-00C04F79EFBC}") = "AudioPlayer", "AudioPlayer\AudioPlayer.csproj", "{F299A122-6E15-4D72-93E7-452B701909AE}"
EndProject
Global
	GlobalSection(SolutionConfigurationPlatforms) = preSolution
		Debug|Any CPU = Debug|Any CPU
		Release|Any CPU = Release|Any CPU
	EndGlobalSection
	GlobalSection(ProjectConfigurationPlatforms) = postSolution
		{F299A122-6E15-4D72-93E7-452B701909AE}.Debug|Any CPU.ActiveCfg = Debug|Any CPU
		{F299A122-6E15-4D72-93E7-452B701909AE}.Debug|Any CPU.Build.0 = Debug|Any CPU
		{F299A122-6E15-4D72-93E7-452B701909AE}.Release|Any CPU.ActiveCfg = Release|Any CPU
		{F299A122-6E15-4D72-93E7-452B701909AE}.Release|Any CPU.Build.0 = Release|Any CPU
	EndGlobalSection
	GlobalSection(SolutionProperties) = preSolution
		HideSolutionNode = FALSE
	EndGlobalSection
	GlobalSection(ExtensibilityGlobals) = postSolution
		SolutionGuid = {A2BBAE21-54C6-4317-A516-9A3BE7305E69}
	EndGlobalSection
EndGlobal
